
Microsoft Visual Studio Solution File, Format Version 12.00
# Visual Studio Version 17
VisualStudioVersion = 17.7.34003.232
MinimumVisualStudioVersion = 10.0.40219.1
Project("{FAE04EC0-301F-11D3-BF4B-00C04F79EFBC}") = "Graficos", "Graficos\Graficos.csproj", "{4EB5E680-065E-4BE3-AF4D-C1D4D4DDF4D2}"
EndProject
Global
	GlobalSection(SolutionConfigurationPlatforms) = preSolution
		Debug|Any CPU = Debug|Any CPU
		Release|Any CPU = Release|Any CPU
	EndGlobalSection
	GlobalSection(ProjectConfigurationPlatforms) = postSolution
		{4EB5E680-065E-4BE3-AF4D-C1D4D4DDF4D2}.Debug|Any CPU.ActiveCfg = Debug|Any CPU
		{4EB5E680-065E-4BE3-AF4D-C1D4D4DDF4D2}.Debug|Any CPU.Build.0 = Debug|Any CPU
		{4EB5E680-065E-4BE3-AF4D-C1D4D4DDF4D2}.Release|Any CPU.ActiveCfg = Release|Any CPU
		{4EB5E680-065E-4BE3-AF4D-C1D4D4DDF4D2}.Release|Any CPU.Build.0 = Release|Any CPU
	EndGlobalSection
	GlobalSection(SolutionProperties) = preSolution
		HideSolutionNode = FALSE
	EndGlobalSection
	GlobalSection(ExtensibilityGlobals) = postSolution
		SolutionGuid = {482728AD-669B-4D59-999C-20D7DD46D402}
	EndGlobalSection
EndGlobal
